// !$*UTF8*$!
{
	archiveVersion = 1;
	classes = {
	};
	objectVersion = 55;
	objects = {

/* Begin PBXBuildFile section */
		177E048228CF8B7600C27786 /* AllVariables.swift in Sources */ = {isa = PBXBuildFile; fileRef = 177E048128CF8B7600C27786 /* AllVariables.swift */; };
		5376DBF628CAE18400AE9E6D /* AppDelegate.swift in Sources */ = {isa = PBXBuildFile; fileRef = 5376DBF528CAE18400AE9E6D /* AppDelegate.swift */; };
		5376DBF828CAE18400AE9E6D /* SceneDelegate.swift in Sources */ = {isa = PBXBuildFile; fileRef = 5376DBF728CAE18400AE9E6D /* SceneDelegate.swift */; };
		5376DBFA28CAE18400AE9E6D /* LoginViewController.swift in Sources */ = {isa = PBXBuildFile; fileRef = 5376DBF928CAE18400AE9E6D /* LoginViewController.swift */; };
		5376DBFD28CAE18400AE9E6D /* Main.storyboard in Resources */ = {isa = PBXBuildFile; fileRef = 5376DBFB28CAE18400AE9E6D /* Main.storyboard */; };
		5376DBFF28CAE18800AE9E6D /* Assets.xcassets in Resources */ = {isa = PBXBuildFile; fileRef = 5376DBFE28CAE18800AE9E6D /* Assets.xcassets */; };
		5376DC0228CAE18800AE9E6D /* LaunchScreen.storyboard in Resources */ = {isa = PBXBuildFile; fileRef = 5376DC0028CAE18800AE9E6D /* LaunchScreen.storyboard */; };
		5376DC0A28CAE23700AE9E6D /* TaskListViewController.swift in Sources */ = {isa = PBXBuildFile; fileRef = 5376DC0928CAE23700AE9E6D /* TaskListViewController.swift */; };
		5376DC0C28CAE25000AE9E6D /* TaskDetailsViewController.swift in Sources */ = {isa = PBXBuildFile; fileRef = 5376DC0B28CAE25000AE9E6D /* TaskDetailsViewController.swift */; };
		5376DC1428CBF1E900AE9E6D /* TaskTableViewCell.swift in Sources */ = {isa = PBXBuildFile; fileRef = 5376DC1228CBF1E900AE9E6D /* TaskTableViewCell.swift */; };
		5376DC1528CBF1E900AE9E6D /* TaskTableViewCell.xib in Resources */ = {isa = PBXBuildFile; fileRef = 5376DC1328CBF1E900AE9E6D /* TaskTableViewCell.xib */; };
		5376DC1728CBFFDE00AE9E6D /* Alert.swift in Sources */ = {isa = PBXBuildFile; fileRef = 5376DC1628CBFFDE00AE9E6D /* Alert.swift */; };
		5376DC1C28CC09A600AE9E6D /* Task.swift in Sources */ = {isa = PBXBuildFile; fileRef = 5376DC1B28CC09A600AE9E6D /* Task.swift */; };
		5376DC2128CC20C500AE9E6D /* User.swift in Sources */ = {isa = PBXBuildFile; fileRef = 5376DC2028CC20C500AE9E6D /* User.swift */; };
		5376DC2328CC220100AE9E6D /* UserDefaultsManager.swift in Sources */ = {isa = PBXBuildFile; fileRef = 5376DC2228CC220100AE9E6D /* UserDefaultsManager.swift */; };
/* End PBXBuildFile section */

/* Begin PBXFileReference section */
		177E048128CF8B7600C27786 /* AllVariables.swift */ = {isa = PBXFileReference; lastKnownFileType = sourcecode.swift; path = AllVariables.swift; sourceTree = "<group>"; };
		5376DBF228CAE18400AE9E6D /* To-do list.app */ = {isa = PBXFileReference; explicitFileType = wrapper.application; includeInIndex = 0; path = "To-do list.app"; sourceTree = BUILT_PRODUCTS_DIR; };
		5376DBF528CAE18400AE9E6D /* AppDelegate.swift */ = {isa = PBXFileReference; lastKnownFileType = sourcecode.swift; path = AppDelegate.swift; sourceTree = "<group>"; };
		5376DBF728CAE18400AE9E6D /* SceneDelegate.swift */ = {isa = PBXFileReference; lastKnownFileType = sourcecode.swift; path = SceneDelegate.swift; sourceTree = "<group>"; };
		5376DBF928CAE18400AE9E6D /* LoginViewController.swift */ = {isa = PBXFileReference; lastKnownFileType = sourcecode.swift; path = LoginViewController.swift; sourceTree = "<group>"; };
		5376DBFC28CAE18400AE9E6D /* Base */ = {isa = PBXFileReference; lastKnownFileType = file.storyboard; name = Base; path = Base.lproj/Main.storyboard; sourceTree = "<group>"; };
		5376DBFE28CAE18800AE9E6D /* Assets.xcassets */ = {isa = PBXFileReference; lastKnownFileType = folder.assetcatalog; path = Assets.xcassets; sourceTree = "<group>"; };
		5376DC0128CAE18800AE9E6D /* Base */ = {isa = PBXFileReference; lastKnownFileType = file.storyboard; name = Base; path = Base.lproj/LaunchScreen.storyboard; sourceTree = "<group>"; };
		5376DC0328CAE18800AE9E6D /* Info.plist */ = {isa = PBXFileReference; lastKnownFileType = text.plist.xml; path = Info.plist; sourceTree = "<group>"; };
		5376DC0928CAE23700AE9E6D /* TaskListViewController.swift */ = {isa = PBXFileReference; lastKnownFileType = sourcecode.swift; path = TaskListViewController.swift; sourceTree = "<group>"; };
		5376DC0B28CAE25000AE9E6D /* TaskDetailsViewController.swift */ = {isa = PBXFileReference; lastKnownFileType = sourcecode.swift; path = TaskDetailsViewController.swift; sourceTree = "<group>"; };
		5376DC1228CBF1E900AE9E6D /* TaskTableViewCell.swift */ = {isa = PBXFileReference; lastKnownFileType = sourcecode.swift; path = TaskTableViewCell.swift; sourceTree = "<group>"; };
		5376DC1328CBF1E900AE9E6D /* TaskTableViewCell.xib */ = {isa = PBXFileReference; lastKnownFileType = file.xib; path = TaskTableViewCell.xib; sourceTree = "<group>"; };
		5376DC1628CBFFDE00AE9E6D /* Alert.swift */ = {isa = PBXFileReference; fileEncoding = 4; lastKnownFileType = sourcecode.swift; path = Alert.swift; sourceTree = "<group>"; };
		5376DC1B28CC09A600AE9E6D /* Task.swift */ = {isa = PBXFileReference; lastKnownFileType = sourcecode.swift; path = Task.swift; sourceTree = "<group>"; };
		5376DC2028CC20C500AE9E6D /* User.swift */ = {isa = PBXFileReference; lastKnownFileType = sourcecode.swift; path = User.swift; sourceTree = "<group>"; };
		5376DC2228CC220100AE9E6D /* UserDefaultsManager.swift */ = {isa = PBXFileReference; fileEncoding = 4; lastKnownFileType = sourcecode.swift; path = UserDefaultsManager.swift; sourceTree = "<group>"; };
/* End PBXFileReference section */

/* Begin PBXFrameworksBuildPhase section */
		5376DBEF28CAE18400AE9E6D /* Frameworks */ = {
			isa = PBXFrameworksBuildPhase;
			buildActionMask = 2147483647;
			files = (
			);
			runOnlyForDeploymentPostprocessing = 0;
		};
/* End PBXFrameworksBuildPhase section */

/* Begin PBXGroup section */
		5376DBE928CAE18400AE9E6D = {
			isa = PBXGroup;
			children = (
				5376DBF428CAE18400AE9E6D /* To-do list */,
				5376DBF328CAE18400AE9E6D /* Products */,
			);
			sourceTree = "<group>";
		};
		5376DBF328CAE18400AE9E6D /* Products */ = {
			isa = PBXGroup;
			children = (
				5376DBF228CAE18400AE9E6D /* To-do list.app */,
			);
			name = Products;
			sourceTree = "<group>";
		};
		5376DBF428CAE18400AE9E6D /* To-do list */ = {
			isa = PBXGroup;
			children = (
				5376DC1128CAE33C00AE9E6D /* Models */,
				5376DC1028CAE31A00AE9E6D /* View */,
				5376DC0F28CAE29000AE9E6D /* Controllers */,
				5376DBF528CAE18400AE9E6D /* AppDelegate.swift */,
				5376DBF728CAE18400AE9E6D /* SceneDelegate.swift */,
				5376DBFE28CAE18800AE9E6D /* Assets.xcassets */,
				5376DC0028CAE18800AE9E6D /* LaunchScreen.storyboard */,
				5376DC0328CAE18800AE9E6D /* Info.plist */,
			);
			path = "To-do list";
			sourceTree = "<group>";
		};
		5376DC0F28CAE29000AE9E6D /* Controllers */ = {
			isa = PBXGroup;
			children = (
				5376DBF928CAE18400AE9E6D /* LoginViewController.swift */,
				5376DC0928CAE23700AE9E6D /* TaskListViewController.swift */,
				5376DC0B28CAE25000AE9E6D /* TaskDetailsViewController.swift */,
				5376DC1F28CC19E900AE9E6D /* Cell */,
			);
			path = Controllers;
			sourceTree = "<group>";
		};
		5376DC1028CAE31A00AE9E6D /* View */ = {
			isa = PBXGroup;
			children = (
				5376DBFB28CAE18400AE9E6D /* Main.storyboard */,
				5376DC1328CBF1E900AE9E6D /* TaskTableViewCell.xib */,
			);
			path = View;
			sourceTree = "<group>";
		};
		5376DC1128CAE33C00AE9E6D /* Models */ = {
			isa = PBXGroup;
			children = (
				5376DC1B28CC09A600AE9E6D /* Task.swift */,
				5376DC2028CC20C500AE9E6D /* User.swift */,
				5376DC1628CBFFDE00AE9E6D /* Alert.swift */,
				5376DC2228CC220100AE9E6D /* UserDefaultsManager.swift */,
				177E048128CF8B7600C27786 /* AllVariables.swift */,
			);
			path = Models;
			sourceTree = "<group>";
		};
		5376DC1F28CC19E900AE9E6D /* Cell */ = {
			isa = PBXGroup;
			children = (
				5376DC1228CBF1E900AE9E6D /* TaskTableViewCell.swift */,
			);
			path = Cell;
			sourceTree = "<group>";
		};
/* End PBXGroup section */

/* Begin PBXNativeTarget section */
		5376DBF128CAE18400AE9E6D /* To-do list */ = {
			isa = PBXNativeTarget;
			buildConfigurationList = 5376DC0628CAE18800AE9E6D /* Build configuration list for PBXNativeTarget "To-do list" */;
			buildPhases = (
				5376DBEE28CAE18400AE9E6D /* Sources */,
				5376DBEF28CAE18400AE9E6D /* Frameworks */,
				5376DBF028CAE18400AE9E6D /* Resources */,
			);
			buildRules = (
			);
			dependencies = (
			);
			name = "To-do list";
			productName = "To-do list";
			productReference = 5376DBF228CAE18400AE9E6D /* To-do list.app */;
			productType = "com.apple.product-type.application";
		};
/* End PBXNativeTarget section */

/* Begin PBXProject section */
		5376DBEA28CAE18400AE9E6D /* Project object */ = {
			isa = PBXProject;
			attributes = {
				BuildIndependentTargetsInParallel = 1;
				LastSwiftUpdateCheck = 1300;
				LastUpgradeCheck = 1300;
				TargetAttributes = {
					5376DBF128CAE18400AE9E6D = {
						CreatedOnToolsVersion = 13.0;
					};
				};
			};
			buildConfigurationList = 5376DBED28CAE18400AE9E6D /* Build configuration list for PBXProject "To-do list" */;
			compatibilityVersion = "Xcode 13.0";
			developmentRegion = en;
			hasScannedForEncodings = 0;
			knownRegions = (
				en,
				Base,
			);
			mainGroup = 5376DBE928CAE18400AE9E6D;
			productRefGroup = 5376DBF328CAE18400AE9E6D /* Products */;
			projectDirPath = "";
			projectRoot = "";
			targets = (
				5376DBF128CAE18400AE9E6D /* To-do list */,
			);
		};
/* End PBXProject section */

/* Begin PBXResourcesBuildPhase section */
		5376DBF028CAE18400AE9E6D /* Resources */ = {
			isa = PBXResourcesBuildPhase;
			buildActionMask = 2147483647;
			files = (
				5376DC1528CBF1E900AE9E6D /* TaskTableViewCell.xib in Resources */,
				5376DC0228CAE18800AE9E6D /* LaunchScreen.storyboard in Resources */,
				5376DBFF28CAE18800AE9E6D /* Assets.xcassets in Resources */,
				5376DBFD28CAE18400AE9E6D /* Main.storyboard in Resources */,
			);
			runOnlyForDeploymentPostprocessing = 0;
		};
/* End PBXResourcesBuildPhase section */

/* Begin PBXSourcesBuildPhase section */
		5376DBEE28CAE18400AE9E6D /* Sources */ = {
			isa = PBXSourcesBuildPhase;
			buildActionMask = 2147483647;
			files = (
				5376DC0C28CAE25000AE9E6D /* TaskDetailsViewController.swift in Sources */,
				5376DBFA28CAE18400AE9E6D /* LoginViewController.swift in Sources */,
				5376DC2128CC20C500AE9E6D /* User.swift in Sources */,
				5376DC1428CBF1E900AE9E6D /* TaskTableViewCell.swift in Sources */,
				5376DC2328CC220100AE9E6D /* UserDefaultsManager.swift in Sources */,
				5376DC0A28CAE23700AE9E6D /* TaskListViewController.swift in Sources */,
				5376DBF628CAE18400AE9E6D /* AppDelegate.swift in Sources */,
				5376DBF828CAE18400AE9E6D /* SceneDelegate.swift in Sources */,
				5376DC1C28CC09A600AE9E6D /* Task.swift in Sources */,
				5376DC1728CBFFDE00AE9E6D /* Alert.swift in Sources */,
				177E048228CF8B7600C27786 /* AllVariables.swift in Sources */,
			);
			runOnlyForDeploymentPostprocessing = 0;
		};
/* End PBXSourcesBuildPhase section */

/* Begin PBXVariantGroup section */
		5376DBFB28CAE18400AE9E6D /* Main.storyboard */ = {
			isa = PBXVariantGroup;
			children = (
				5376DBFC28CAE18400AE9E6D /* Base */,
			);
			name = Main.storyboard;
			sourceTree = "<group>";
		};
		5376DC0028CAE18800AE9E6D /* LaunchScreen.storyboard */ = {
			isa = PBXVariantGroup;
			children = (
				5376DC0128CAE18800AE9E6D /* Base */,
			);
			name = LaunchScreen.storyboard;
			sourceTree = "<group>";
		};
/* End PBXVariantGroup section */

/* Begin XCBuildConfiguration section */
		5376DC0428CAE18800AE9E6D /* Debug */ = {
			isa = XCBuildConfiguration;
			buildSettings = {
				ALWAYS_SEARCH_USER_PATHS = NO;
				CLANG_ANALYZER_NONNULL = YES;
				CLANG_ANALYZER_NUMBER_OBJECT_CONVERSION = YES_AGGRESSIVE;
				CLANG_CXX_LANGUAGE_STANDARD = "gnu++17";
				CLANG_CXX_LIBRARY = "libc++";
				CLANG_ENABLE_MODULES = YES;
				CLANG_ENABLE_OBJC_ARC = YES;
				CLANG_ENABLE_OBJC_WEAK = YES;
				CLANG_WARN_BLOCK_CAPTURE_AUTORELEASING = YES;
				CLANG_WARN_BOOL_CONVERSION = YES;
				CLANG_WARN_COMMA = YES;
				CLANG_WARN_CONSTANT_CONVERSION = YES;
				CLANG_WARN_DEPRECATED_OBJC_IMPLEMENTATIONS = YES;
				CLANG_WARN_DIRECT_OBJC_ISA_USAGE = YES_ERROR;
				CLANG_WARN_DOCUMENTATION_COMMENTS = YES;
				CLANG_WARN_EMPTY_BODY = YES;
				CLANG_WARN_ENUM_CONVERSION = YES;
				CLANG_WARN_INFINITE_RECURSION = YES;
				CLANG_WARN_INT_CONVERSION = YES;
				CLANG_WARN_NON_LITERAL_NULL_CONVERSION = YES;
				CLANG_WARN_OBJC_IMPLICIT_RETAIN_SELF = YES;
				CLANG_WARN_OBJC_LITERAL_CONVERSION = YES;
				CLANG_WARN_OBJC_ROOT_CLASS = YES_ERROR;
				CLANG_WARN_QUOTED_INCLUDE_IN_FRAMEWORK_HEADER = YES;
				CLANG_WARN_RANGE_LOOP_ANALYSIS = YES;
				CLANG_WARN_STRICT_PROTOTYPES = YES;
				CLANG_WARN_SUSPICIOUS_MOVE = YES;
				CLANG_WARN_UNGUARDED_AVAILABILITY = YES_AGGRESSIVE;
				CLANG_WARN_UNREACHABLE_CODE = YES;
				CLANG_WARN__DUPLICATE_METHOD_MATCH = YES;
				COPY_PHASE_STRIP = NO;
				DEBUG_INFORMATION_FORMAT = dwarf;
				ENABLE_STRICT_OBJC_MSGSEND = YES;
				ENABLE_TESTABILITY = YES;
				GCC_C_LANGUAGE_STANDARD = gnu11;
				GCC_DYNAMIC_NO_PIC = NO;
				GCC_NO_COMMON_BLOCKS = YES;
				GCC_OPTIMIZATION_LEVEL = 0;
				GCC_PREPROCESSOR_DEFINITIONS = (
					"DEBUG=1",
					"$(inherited)",
				);
				GCC_WARN_64_TO_32_BIT_CONVERSION = YES;
				GCC_WARN_ABOUT_RETURN_TYPE = YES_ERROR;
				GCC_WARN_UNDECLARED_SELECTOR = YES;
				GCC_WARN_UNINITIALIZED_AUTOS = YES_AGGRESSIVE;
				GCC_WARN_UNUSED_FUNCTION = YES;
				GCC_WARN_UNUSED_VARIABLE = YES;
				IPHONEOS_DEPLOYMENT_TARGET = 15.0;
				MTL_ENABLE_DEBUG_INFO = INCLUDE_SOURCE;
				MTL_FAST_MATH = YES;
				ONLY_ACTIVE_ARCH = YES;
				SDKROOT = iphoneos;
				SWIFT_ACTIVE_COMPILATION_CONDITIONS = DEBUG;
				SWIFT_OPTIMIZATION_LEVEL = "-Onone";
			};
			name = Debug;
		};
		5376DC0528CAE18800AE9E6D /* Release */ = {
			isa = XCBuildConfiguration;
			buildSettings = {
				ALWAYS_SEARCH_USER_PATHS = NO;
				CLANG_ANALYZER_NONNULL = YES;
				CLANG_ANALYZER_NUMBER_OBJECT_CONVERSION = YES_AGGRESSIVE;
				CLANG_CXX_LANGUAGE_STANDARD = "gnu++17";
				CLANG_CXX_LIBRARY = "libc++";
				CLANG_ENABLE_MODULES = YES;
				CLANG_ENABLE_OBJC_ARC = YES;
				CLANG_ENABLE_OBJC_WEAK = YES;
				CLANG_WARN_BLOCK_CAPTURE_AUTORELEASING = YES;
				CLANG_WARN_BOOL_CONVERSION = YES;
				CLANG_WARN_COMMA = YES;
				CLANG_WARN_CONSTANT_CONVERSION = YES;
				CLANG_WARN_DEPRECATED_OBJC_IMPLEMENTATIONS = YES;
				CLANG_WARN_DIRECT_OBJC_ISA_USAGE = YES_ERROR;
				CLANG_WARN_DOCUMENTATION_COMMENTS = YES;
				CLANG_WARN_EMPTY_BODY = YES;
				CLANG_WARN_ENUM_CONVERSION = YES;
				CLANG_WARN_INFINITE_RECURSION = YES;
				CLANG_WARN_INT_CONVERSION = YES;
				CLANG_WARN_NON_LITERAL_NULL_CONVERSION = YES;
				CLANG_WARN_OBJC_IMPLICIT_RETAIN_SELF = YES;
				CLANG_WARN_OBJC_LITERAL_CONVERSION = YES;
				CLANG_WARN_OBJC_ROOT_CLASS = YES_ERROR;
				CLANG_WARN_QUOTED_INCLUDE_IN_FRAMEWORK_HEADER = YES;
				CLANG_WARN_RANGE_LOOP_ANALYSIS = YES;
				CLANG_WARN_STRICT_PROTOTYPES = YES;
				CLANG_WARN_SUSPICIOUS_MOVE = YES;
				CLANG_WARN_UNGUARDED_AVAILABILITY = YES_AGGRESSIVE;
				CLANG_WARN_UNREACHABLE_CODE = YES;
				CLANG_WARN__DUPLICATE_METHOD_MATCH = YES;
				COPY_PHASE_STRIP = NO;
				DEBUG_INFORMATION_FORMAT = "dwarf-with-dsym";
				ENABLE_NS_ASSERTIONS = NO;
				ENABLE_STRICT_OBJC_MSGSEND = YES;
				GCC_C_LANGUAGE_STANDARD = gnu11;
				GCC_NO_COMMON_BLOCKS = YES;
				GCC_WARN_64_TO_32_BIT_CONVERSION = YES;
				GCC_WARN_ABOUT_RETURN_TYPE = YES_ERROR;
				GCC_WARN_UNDECLARED_SELECTOR = YES;
				GCC_WARN_UNINITIALIZED_AUTOS = YES_AGGRESSIVE;
				GCC_WARN_UNUSED_FUNCTION = YES;
				GCC_WARN_UNUSED_VARIABLE = YES;
				IPHONEOS_DEPLOYMENT_TARGET = 15.0;
				MTL_ENABLE_DEBUG_INFO = NO;
				MTL_FAST_MATH = YES;
				SDKROOT = iphoneos;
				SWIFT_COMPILATION_MODE = wholemodule;
				SWIFT_OPTIMIZATION_LEVEL = "-O";
				VALIDATE_PRODUCT = YES;
			};
			name = Release;
		};
		5376DC0728CAE18800AE9E6D /* Debug */ = {
			isa = XCBuildConfiguration;
			buildSettings = {
				ASSETCATALOG_COMPILER_APPICON_NAME = AppIcon;
				ASSETCATALOG_COMPILER_GLOBAL_ACCENT_COLOR_NAME = AccentColor;
				CODE_SIGN_STYLE = Automatic;
				CURRENT_PROJECT_VERSION = 1;
				GENERATE_INFOPLIST_FILE = YES;
				INFOPLIST_FILE = "To-do list/Info.plist";
				INFOPLIST_KEY_UIApplicationSupportsIndirectInputEvents = YES;
				INFOPLIST_KEY_UILaunchStoryboardName = LaunchScreen;
				INFOPLIST_KEY_UIMainStoryboardFile = Main;
				INFOPLIST_KEY_UISupportedInterfaceOrientations_iPad = "UIInterfaceOrientationPortrait UIInterfaceOrientationPortraitUpsideDown UIInterfaceOrientationLandscapeLeft UIInterfaceOrientationLandscapeRight";
				INFOPLIST_KEY_UISupportedInterfaceOrientations_iPhone = "UIInterfaceOrientationPortrait UIInterfaceOrientationLandscapeLeft UIInterfaceOrientationLandscapeRight";
				LD_RUNPATH_SEARCH_PATHS = (
					"$(inherited)",
					"@executable_path/Frameworks",
				);
				MARKETING_VERSION = 1.0;
				PRODUCT_BUNDLE_IDENTIFIER = "com.incredible.To-do-list";
				PRODUCT_NAME = "$(TARGET_NAME)";
				SWIFT_EMIT_LOC_STRINGS = YES;
				SWIFT_VERSION = 5.0;
				TARGETED_DEVICE_FAMILY = "1,2";
			};
			name = Debug;
		};
		5376DC0828CAE18800AE9E6D /* Release */ = {
			isa = XCBuildConfiguration;
			buildSettings = {
				ASSETCATALOG_COMPILER_APPICON_NAME = AppIcon;
				ASSETCATALOG_COMPILER_GLOBAL_ACCENT_COLOR_NAME = AccentColor;
				CODE_SIGN_STYLE = Automatic;
				CURRENT_PROJECT_VERSION = 1;
				GENERATE_INFOPLIST_FILE = YES;
				INFOPLIST_FILE = "To-do list/Info.plist";
				INFOPLIST_KEY_UIApplicationSupportsIndirectInputEvents = YES;
				INFOPLIST_KEY_UILaunchStoryboardName = LaunchScreen;
				INFOPLIST_KEY_UIMainStoryboardFile = Main;
				INFOPLIST_KEY_UISupportedInterfaceOrientations_iPad = "UIInterfaceOrientationPortrait UIInterfaceOrientationPortraitUpsideDown UIInterfaceOrientationLandscapeLeft UIInterfaceOrientationLandscapeRight";
				INFOPLIST_KEY_UISupportedInterfaceOrientations_iPhone = "UIInterfaceOrientationPortrait UIInterfaceOrientationLandscapeLeft UIInterfaceOrientationLandscapeRight";
				LD_RUNPATH_SEARCH_PATHS = (
					"$(inherited)",
					"@executable_path/Frameworks",
				);
				MARKETING_VERSION = 1.0;
				PRODUCT_BUNDLE_IDENTIFIER = "com.incredible.To-do-list";
				PRODUCT_NAME = "$(TARGET_NAME)";
				SWIFT_EMIT_LOC_STRINGS = YES;
				SWIFT_VERSION = 5.0;
				TARGETED_DEVICE_FAMILY = "1,2";
			};
			name = Release;
		};
/* End XCBuildConfiguration section */

/* Begin XCConfigurationList section */
		5376DBED28CAE18400AE9E6D /* Build configuration list for PBXProject "To-do list" */ = {
			isa = XCConfigurationList;
			buildConfigurations = (
				5376DC0428CAE18800AE9E6D /* Debug */,
				5376DC0528CAE18800AE9E6D /* Release */,
			);
			defaultConfigurationIsVisible = 0;
			defaultConfigurationName = Release;
		};
		5376DC0628CAE18800AE9E6D /* Build configuration list for PBXNativeTarget "To-do list" */ = {
			isa = XCConfigurationList;
			buildConfigurations = (
				5376DC0728CAE18800AE9E6D /* Debug */,
				5376DC0828CAE18800AE9E6D /* Release */,
			);
			defaultConfigurationIsVisible = 0;
			defaultConfigurationName = Release;
		};
/* End XCConfigurationList section */
	};
	rootObject = 5376DBEA28CAE18400AE9E6D /* Project object */;
}
